
Microsoft Visual Studio Solution File, Format Version 12.00
# Visual Studio Version 16
VisualStudioVersion = 16.0.31624.102
MinimumVisualStudioVersion = 10.0.40219.1
Project("{8BC9CEB8-8B4A-11D0-8D11-00A0C91BC942}") = "BugCheckHack", "BugCheckHack\BugCheckHack.vcxproj", "{7531E089-C527-411B-A36B-17FD0841CE45}"
EndProject
Project("{8BC9CEB8-8B4A-11D0-8D11-00A0C91BC942}") = "BugCheckHackUser", "BugCheckHackUser\BugCheckHackUser.vcxproj", "{158D39C3-3C3D-44E7-B0E1-34334FAFF9D4}"
EndProject
Global
	GlobalSection(SolutionConfigurationPlatforms) = preSolution
		Debug|ARM = Debug|ARM
		Debug|ARM64 = Debug|ARM64
		Debug|x64 = Debug|x64
		Debug|x86 = Debug|x86
		Release|ARM = Release|ARM
		Release|ARM64 = Release|ARM64
		Release|x64 = Release|x64
		Release|x86 = Release|x86
	EndGlobalSection
	GlobalSection(ProjectConfigurationPlatforms) = postSolution
		{7531E089-C527-411B-A36B-17FD0841CE45}.Debug|ARM.ActiveCfg = Debug|ARM
		{7531E089-C527-411B-A36B-17FD0841CE45}.Debug|ARM.Build.0 = Debug|ARM
		{7531E089-C527-411B-A36B-17FD0841CE45}.Debug|ARM.Deploy.0 = Debug|ARM
		{7531E089-C527-411B-A36B-17FD0841CE45}.Debug|ARM64.ActiveCfg = Debug|ARM64
		{7531E089-C527-411B-A36B-17FD0841CE45}.Debug|ARM64.Build.0 = Debug|ARM64
		{7531E089-C527-411B-A36B-17FD0841CE45}.Debug|ARM64.Deploy.0 = Debug|ARM64
		{7531E089-C527-411B-A36B-17FD0841CE45}.Debug|x64.ActiveCfg = Debug|x64
		{7531E089-C527-411B-A36B-17FD0841CE45}.Debug|x64.Build.0 = Debug|x64
		{7531E089-C527-411B-A36B-17FD0841CE45}.Debug|x64.Deploy.0 = Debug|x64
		{7531E089-C527-411B-A36B-17FD0841CE45}.Debug|x86.ActiveCfg = Debug|Win32
		{7531E089-C527-411B-A36B-17FD0841CE45}.Debug|x86.Build.0 = Debug|Win32
		{7531E089-C527-411B-A36B-17FD0841CE45}.Debug|x86.Deploy.0 = Debug|Win32
		{7531E089-C527-411B-A36B-17FD0841CE45}.Release|ARM.ActiveCfg = Release|ARM
		{7531E089-C527-411B-A36B-17FD0841CE45}.Release|ARM.Build.0 = Release|ARM
		{7531E089-C527-411B-A36B-17FD0841CE45}.Release|ARM.Deploy.0 = Release|ARM
		{7531E089-C527-411B-A36B-17FD0841CE45}.Release|ARM64.ActiveCfg = Release|ARM64
		{7531E089-C527-411B-A36B-17FD0841CE45}.Release|ARM64.Build.0 = Release|ARM64
		{7531E089-C527-411B-A36B-17FD0841CE45}.Release|ARM64.Deploy.0 = Release|ARM64
		{7531E089-C527-411B-A36B-17FD0841CE45}.Release|x64.ActiveCfg = Release|x64
		{7531E089-C527-411B-A36B-17FD0841CE45}.Release|x64.Build.0 = Release|x64
		{7531E089-C527-411B-A36B-17FD0841CE45}.Release|x64.Deploy.0 = Release|x64
		{7531E089-C527-411B-A36B-17FD0841CE45}.Release|x86.ActiveCfg = Release|Win32
		{7531E089-C527-411B-A36B-17FD0841CE45}.Release|x86.Build.0 = Release|Win32
		{7531E089-C527-411B-A36B-17FD0841CE45}.Release|x86.Deploy.0 = Release|Win32
		{158D39C3-3C3D-44E7-B0E1-34334FAFF9D4}.Debug|ARM.ActiveCfg = Debug|Win32
		{158D39C3-3C3D-44E7-B0E1-34334FAFF9D4}.Debug|ARM64.ActiveCfg = Debug|Win32
		{158D39C3-3C3D-44E7-B0E1-34334FAFF9D4}.Debug|x64.ActiveCfg = Debug|x64
		{158D39C3-3C3D-44E7-B0E1-34334FAFF9D4}.Debug|x64.Build.0 = Debug|x64
		{158D39C3-3C3D-44E7-B0E1-34334FAFF9D4}.Debug|x86.ActiveCfg = Debug|Win32
		{158D39C3-3C3D-44E7-B0E1-34334FAFF9D4}.Debug|x86.Build.0 = Debug|Win32
		{158D39C3-3C3D-44E7-B0E1-34334FAFF9D4}.Release|ARM.ActiveCfg = Release|Win32
		{158D39C3-3C3D-44E7-B0E1-34334FAFF9D4}.Release|ARM64.ActiveCfg = Release|Win32
		{158D39C3-3C3D-44E7-B0E1-34334FAFF9D4}.Release|x64.ActiveCfg = Release|x64
		{158D39C3-3C3D-44E7-B0E1-34334FAFF9D4}.Release|x64.Build.0 = Release|x64
		{158D39C3-3C3D-44E7-B0E1-34334FAFF9D4}.Release|x86.ActiveCfg = Release|Win32
		{158D39C3-3C3D-44E7-B0E1-34334FAFF9D4}.Release|x86.Build.0 = Release|Win32
	EndGlobalSection
	GlobalSection(SolutionProperties) = preSolution
		HideSolutionNode = FALSE
	EndGlobalSection
	GlobalSection(ExtensibilityGlobals) = postSolution
		SolutionGuid = {BDC49B23-0362-4542-A824-4EF88043B3A3}
	EndGlobalSection
EndGlobal
